
Microsoft Visual Studio Solution File, Format Version 12.00
# Visual Studio for Mac
Project("{FAE04EC0-301F-11D3-BF4B-00C04F79EFBC}") = "Assembly-CSharp", "Assembly-CSharp.csproj", "{28F2E569-798E-749A-3276-87716B5643E2}"
EndProject
Project("{FAE04EC0-301F-11D3-BF4B-00C04F79EFBC}") = "Assembly-CSharp-Editor", "Assembly-CSharp-Editor.csproj", "{7AC0B59D-B4C9-EDA4-DCFE-935CE09499BB}"
EndProject
Global
	GlobalSection(SolutionConfigurationPlatforms) = preSolution
		Debug|Any CPU = Debug|Any CPU
		Release|Any CPU = Release|Any CPU
	EndGlobalSection
	GlobalSection(ProjectConfigurationPlatforms) = postSolution
		{28F2E569-798E-749A-3276-87716B5643E2}.Debug|Any CPU.ActiveCfg = Debug|Any CPU
		{28F2E569-798E-749A-3276-87716B5643E2}.Debug|Any CPU.Build.0 = Debug|Any CPU
		{28F2E569-798E-749A-3276-87716B5643E2}.Release|Any CPU.ActiveCfg = Release|Any CPU
		{28F2E569-798E-749A-3276-87716B5643E2}.Release|Any CPU.Build.0 = Release|Any CPU
		{7AC0B59D-B4C9-EDA4-DCFE-935CE09499BB}.Debug|Any CPU.ActiveCfg = Debug|Any CPU
		{7AC0B59D-B4C9-EDA4-DCFE-935CE09499BB}.Debug|Any CPU.Build.0 = Debug|Any CPU
		{7AC0B59D-B4C9-EDA4-DCFE-935CE09499BB}.Release|Any CPU.ActiveCfg = Release|Any CPU
		{7AC0B59D-B4C9-EDA4-DCFE-935CE09499BB}.Release|Any CPU.Build.0 = Release|Any CPU
	EndGlobalSection
	GlobalSection(SolutionProperties) = preSolution
		HideSolutionNode = FALSE
	EndGlobalSection
	GlobalSection(MonoDevelopProperties) = preSolution
		StartupItem = Assembly-CSharp.csproj
	EndGlobalSection
EndGlobal
